
Microsoft Visual Studio Solution File, Format Version 12.00
# Visual Studio Version 17
VisualStudioVersion = 17.7.34221.43
MinimumVisualStudioVersion = 10.0.40219.1
Project("{FAE04EC0-301F-11D3-BF4B-00C04F79EFBC}") = "WebAPI", "WebAPI\WebAPI.csproj", "{ED84C558-66CC-49B2-B0FF-8434E3AFF12F}"
EndProject
Project("{FAE04EC0-301F-11D3-BF4B-00C04F79EFBC}") = "WebUI", "WebUI\WebUI.csproj", "{B4CE8E88-38B8-4D36-BDB2-2913EA6B1295}"
EndProject
Project("{FAE04EC0-301F-11D3-BF4B-00C04F79EFBC}") = "EntityLayer", "EntityLayer\EntityLayer.csproj", "{07EBF5D7-E96B-48BC-8248-BA317F9E339E}"
EndProject
Project("{FAE04EC0-301F-11D3-BF4B-00C04F79EFBC}") = "DataAccessLayer", "DataAccessLayer\DataAccessLayer.csproj", "{14435ADF-AEA7-4E57-9436-82F0E844FC6B}"
EndProject
Project("{FAE04EC0-301F-11D3-BF4B-00C04F79EFBC}") = "DtoLayer", "DtoLayer\DtoLayer.csproj", "{0239F280-1B60-4C4D-8F5A-4A866675B76B}"
EndProject
Project("{FAE04EC0-301F-11D3-BF4B-00C04F79EFBC}") = "BusinessLayer", "BusinessLayer\BusinessLayer.csproj", "{28B8EDBA-ACEF-40F9-9AEC-F0131C3024E6}"
EndProject
Project("{2150E333-8FDC-42A3-9474-1A3956D46DE8}") = "Solution Items", "Solution Items", "{7FEEF4EB-147F-4A8C-AA72-607F3048C26B}"
	ProjectSection(SolutionItems) = preProject
		ToDoApp.txt = ToDoApp.txt
	EndProjectSection
EndProject
Global
	GlobalSection(SolutionConfigurationPlatforms) = preSolution
		Debug|Any CPU = Debug|Any CPU
		Release|Any CPU = Release|Any CPU
	EndGlobalSection
	GlobalSection(ProjectConfigurationPlatforms) = postSolution
		{ED84C558-66CC-49B2-B0FF-8434E3AFF12F}.Debug|Any CPU.ActiveCfg = Debug|Any CPU
		{ED84C558-66CC-49B2-B0FF-8434E3AFF12F}.Debug|Any CPU.Build.0 = Debug|Any CPU
		{ED84C558-66CC-49B2-B0FF-8434E3AFF12F}.Release|Any CPU.ActiveCfg = Release|Any CPU
		{ED84C558-66CC-49B2-B0FF-8434E3AFF12F}.Release|Any CPU.Build.0 = Release|Any CPU
		{B4CE8E88-38B8-4D36-BDB2-2913EA6B1295}.Debug|Any CPU.ActiveCfg = Debug|Any CPU
		{B4CE8E88-38B8-4D36-BDB2-2913EA6B1295}.Debug|Any CPU.Build.0 = Debug|Any CPU
		{B4CE8E88-38B8-4D36-BDB2-2913EA6B1295}.Release|Any CPU.ActiveCfg = Release|Any CPU
		{B4CE8E88-38B8-4D36-BDB2-2913EA6B1295}.Release|Any CPU.Build.0 = Release|Any CPU
		{07EBF5D7-E96B-48BC-8248-BA317F9E339E}.Debug|Any CPU.ActiveCfg = Debug|Any CPU
		{07EBF5D7-E96B-48BC-8248-BA317F9E339E}.Debug|Any CPU.Build.0 = Debug|Any CPU
		{07EBF5D7-E96B-48BC-8248-BA317F9E339E}.Release|Any CPU.ActiveCfg = Release|Any CPU
		{07EBF5D7-E96B-48BC-8248-BA317F9E339E}.Release|Any CPU.Build.0 = Release|Any CPU
		{14435ADF-AEA7-4E57-9436-82F0E844FC6B}.Debug|Any CPU.ActiveCfg = Debug|Any CPU
		{14435ADF-AEA7-4E57-9436-82F0E844FC6B}.Debug|Any CPU.Build.0 = Debug|Any CPU
		{14435ADF-AEA7-4E57-9436-82F0E844FC6B}.Release|Any CPU.ActiveCfg = Release|Any CPU
		{14435ADF-AEA7-4E57-9436-82F0E844FC6B}.Release|Any CPU.Build.0 = Release|Any CPU
		{0239F280-1B60-4C4D-8F5A-4A866675B76B}.Debug|Any CPU.ActiveCfg = Debug|Any CPU
		{0239F280-1B60-4C4D-8F5A-4A866675B76B}.Debug|Any CPU.Build.0 = Debug|Any CPU
		{0239F280-1B60-4C4D-8F5A-4A866675B76B}.Release|Any CPU.ActiveCfg = Release|Any CPU
		{0239F280-1B60-4C4D-8F5A-4A866675B76B}.Release|Any CPU.Build.0 = Release|Any CPU
		{28B8EDBA-ACEF-40F9-9AEC-F0131C3024E6}.Debug|Any CPU.ActiveCfg = Debug|Any CPU
		{28B8EDBA-ACEF-40F9-9AEC-F0131C3024E6}.Debug|Any CPU.Build.0 = Debug|Any CPU
		{28B8EDBA-ACEF-40F9-9AEC-F0131C3024E6}.Release|Any CPU.ActiveCfg = Release|Any CPU
		{28B8EDBA-ACEF-40F9-9AEC-F0131C3024E6}.Release|Any CPU.Build.0 = Release|Any CPU
	EndGlobalSection
	GlobalSection(SolutionProperties) = preSolution
		HideSolutionNode = FALSE
	EndGlobalSection
	GlobalSection(ExtensibilityGlobals) = postSolution
		SolutionGuid = {C0EF175A-FE8B-493C-8B94-ACBCB183454F}
	EndGlobalSection
EndGlobal
